// !$*UTF8*$!
{
	archiveVersion = 1;
	classes = {
	};
	objectVersion = 56;
	objects = {

/* Begin PBXBuildFile section */
		9DDC1FCF2973D92D00014F0E /* JPMCHighSchoolApp.swift in Sources */ = {isa = PBXBuildFile; fileRef = 9DDC1FCE2973D92D00014F0E /* JPMCHighSchoolApp.swift */; };
		9DDC1FD12973D92D00014F0E /* ContentView.swift in Sources */ = {isa = PBXBuildFile; fileRef = 9DDC1FD02973D92D00014F0E /* ContentView.swift */; };
		9DDC1FD32973D92F00014F0E /* Assets.xcassets in Resources */ = {isa = PBXBuildFile; fileRef = 9DDC1FD22973D92F00014F0E /* Assets.xcassets */; };
		9DDC1FD62973D92F00014F0E /* Preview Assets.xcassets in Resources */ = {isa = PBXBuildFile; fileRef = 9DDC1FD52973D92F00014F0E /* Preview Assets.xcassets */; };
		9DDC1FE02973D92F00014F0E /* JPMCHighSchoolTests.swift in Sources */ = {isa = PBXBuildFile; fileRef = 9DDC1FDF2973D92F00014F0E /* JPMCHighSchoolTests.swift */; };
		9DDC1FEA2973D92F00014F0E /* JPMCHighSchoolUITests.swift in Sources */ = {isa = PBXBuildFile; fileRef = 9DDC1FE92973D92F00014F0E /* JPMCHighSchoolUITests.swift */; };
		9DDC1FEC2973D92F00014F0E /* JPMCHighSchoolUITestsLaunchTests.swift in Sources */ = {isa = PBXBuildFile; fileRef = 9DDC1FEB2973D92F00014F0E /* JPMCHighSchoolUITestsLaunchTests.swift */; };
		9DDC1FFB2973DB3500014F0E /* HighSchoolViewModel.swift in Sources */ = {isa = PBXBuildFile; fileRef = 9DDC1FFA2973DB3500014F0E /* HighSchoolViewModel.swift */; };
		9DDC1FFD2973DB4100014F0E /* HighSchoolModel.swift in Sources */ = {isa = PBXBuildFile; fileRef = 9DDC1FFC2973DB4100014F0E /* HighSchoolModel.swift */; };
		9DDC20002973DBA600014F0E /* NetworkManager.swift in Sources */ = {isa = PBXBuildFile; fileRef = 9DDC1FFF2973DBA600014F0E /* NetworkManager.swift */; };
		9DDC20022973DBB500014F0E /* NetworkService.swift in Sources */ = {isa = PBXBuildFile; fileRef = 9DDC20012973DBB500014F0E /* NetworkService.swift */; };
		9DDC20052974B01800014F0E /* SATDetailView.swift in Sources */ = {isa = PBXBuildFile; fileRef = 9DDC20042974B01800014F0E /* SATDetailView.swift */; };
		9DDC20082974B10800014F0E /* HighSchoolView.swift in Sources */ = {isa = PBXBuildFile; fileRef = 9DDC20072974B10800014F0E /* HighSchoolView.swift */; };
		9DDC200A2974C5B600014F0E /* ErrorView.swift in Sources */ = {isa = PBXBuildFile; fileRef = 9DDC20092974C5B600014F0E /* ErrorView.swift */; };
		9DDC200D2974DF2300014F0E /* Constants.swift in Sources */ = {isa = PBXBuildFile; fileRef = 9DDC200C2974DF2300014F0E /* Constants.swift */; };
/* End PBXBuildFile section */

/* Begin PBXContainerItemProxy section */
		9DDC1FDC2973D92F00014F0E /* PBXContainerItemProxy */ = {
			isa = PBXContainerItemProxy;
			containerPortal = 9DDC1FC32973D92D00014F0E /* Project object */;
			proxyType = 1;
			remoteGlobalIDString = 9DDC1FCA2973D92D00014F0E;
			remoteInfo = JPMCHighSchool;
		};
		9DDC1FE62973D92F00014F0E /* PBXContainerItemProxy */ = {
			isa = PBXContainerItemProxy;
			containerPortal = 9DDC1FC32973D92D00014F0E /* Project object */;
			proxyType = 1;
			remoteGlobalIDString = 9DDC1FCA2973D92D00014F0E;
			remoteInfo = JPMCHighSchool;
		};
/* End PBXContainerItemProxy section */

/* Begin PBXFileReference section */
		9DDC1FCB2973D92D00014F0E /* JPMCHighSchool.app */ = {isa = PBXFileReference; explicitFileType = wrapper.application; includeInIndex = 0; path = JPMCHighSchool.app; sourceTree = BUILT_PRODUCTS_DIR; };
		9DDC1FCE2973D92D00014F0E /* JPMCHighSchoolApp.swift */ = {isa = PBXFileReference; lastKnownFileType = sourcecode.swift; path = JPMCHighSchoolApp.swift; sourceTree = "<group>"; };
		9DDC1FD02973D92D00014F0E /* ContentView.swift */ = {isa = PBXFileReference; lastKnownFileType = sourcecode.swift; path = ContentView.swift; sourceTree = "<group>"; };
		9DDC1FD22973D92F00014F0E /* Assets.xcassets */ = {isa = PBXFileReference; lastKnownFileType = folder.assetcatalog; path = Assets.xcassets; sourceTree = "<group>"; };
		9DDC1FD52973D92F00014F0E /* Preview Assets.xcassets */ = {isa = PBXFileReference; lastKnownFileType = folder.assetcatalog; path = "Preview Assets.xcassets"; sourceTree = "<group>"; };
		9DDC1FDB2973D92F00014F0E /* JPMCHighSchoolTests.xctest */ = {isa = PBXFileReference; explicitFileType = wrapper.cfbundle; includeInIndex = 0; path = JPMCHighSchoolTests.xctest; sourceTree = BUILT_PRODUCTS_DIR; };
		9DDC1FDF2973D92F00014F0E /* JPMCHighSchoolTests.swift */ = {isa = PBXFileReference; lastKnownFileType = sourcecode.swift; path = JPMCHighSchoolTests.swift; sourceTree = "<group>"; };
		9DDC1FE52973D92F00014F0E /* JPMCHighSchoolUITests.xctest */ = {isa = PBXFileReference; explicitFileType = wrapper.cfbundle; includeInIndex = 0; path = JPMCHighSchoolUITests.xctest; sourceTree = BUILT_PRODUCTS_DIR; };
		9DDC1FE92973D92F00014F0E /* JPMCHighSchoolUITests.swift */ = {isa = PBXFileReference; lastKnownFileType = sourcecode.swift; path = JPMCHighSchoolUITests.swift; sourceTree = "<group>"; };
		9DDC1FEB2973D92F00014F0E /* JPMCHighSchoolUITestsLaunchTests.swift */ = {isa = PBXFileReference; lastKnownFileType = sourcecode.swift; path = JPMCHighSchoolUITestsLaunchTests.swift; sourceTree = "<group>"; };
		9DDC1FFA2973DB3500014F0E /* HighSchoolViewModel.swift */ = {isa = PBXFileReference; lastKnownFileType = sourcecode.swift; path = HighSchoolViewModel.swift; sourceTree = "<group>"; };
		9DDC1FFC2973DB4100014F0E /* HighSchoolModel.swift */ = {isa = PBXFileReference; lastKnownFileType = sourcecode.swift; path = HighSchoolModel.swift; sourceTree = "<group>"; };
		9DDC1FFF2973DBA600014F0E /* NetworkManager.swift */ = {isa = PBXFileReference; lastKnownFileType = sourcecode.swift; path = NetworkManager.swift; sourceTree = "<group>"; };
		9DDC20012973DBB500014F0E /* NetworkService.swift */ = {isa = PBXFileReference; lastKnownFileType = sourcecode.swift; path = NetworkService.swift; sourceTree = "<group>"; };
		9DDC20032973F17300014F0E /* Info.plist */ = {isa = PBXFileReference; lastKnownFileType = text.plist; path = Info.plist; sourceTree = "<group>"; };
		9DDC20042974B01800014F0E /* SATDetailView.swift */ = {isa = PBXFileReference; lastKnownFileType = sourcecode.swift; path = SATDetailView.swift; sourceTree = "<group>"; };
		9DDC20072974B10800014F0E /* HighSchoolView.swift */ = {isa = PBXFileReference; lastKnownFileType = sourcecode.swift; path = HighSchoolView.swift; sourceTree = "<group>"; };
		9DDC20092974C5B600014F0E /* ErrorView.swift */ = {isa = PBXFileReference; lastKnownFileType = sourcecode.swift; path = ErrorView.swift; sourceTree = "<group>"; };
		9DDC200C2974DF2300014F0E /* Constants.swift */ = {isa = PBXFileReference; lastKnownFileType = sourcecode.swift; path = Constants.swift; sourceTree = "<group>"; };
/* End PBXFileReference section */

/* Begin PBXFrameworksBuildPhase section */
		9DDC1FC82973D92D00014F0E /* Frameworks */ = {
			isa = PBXFrameworksBuildPhase;
			buildActionMask = 2147483647;
			files = (
			);
			runOnlyForDeploymentPostprocessing = 0;
		};
		9DDC1FD82973D92F00014F0E /* Frameworks */ = {
			isa = PBXFrameworksBuildPhase;
			buildActionMask = 2147483647;
			files = (
			);
			runOnlyForDeploymentPostprocessing = 0;
		};
		9DDC1FE22973D92F00014F0E /* Frameworks */ = {
			isa = PBXFrameworksBuildPhase;
			buildActionMask = 2147483647;
			files = (
			);
			runOnlyForDeploymentPostprocessing = 0;
		};
/* End PBXFrameworksBuildPhase section */

/* Begin PBXGroup section */
		9DDC1FC22973D92D00014F0E = {
			isa = PBXGroup;
			children = (
				9DDC1FCD2973D92D00014F0E /* JPMCHighSchool */,
				9DDC1FDE2973D92F00014F0E /* JPMCHighSchoolTests */,
				9DDC1FE82973D92F00014F0E /* JPMCHighSchoolUITests */,
				9DDC1FCC2973D92D00014F0E /* Products */,
			);
			sourceTree = "<group>";
		};
		9DDC1FCC2973D92D00014F0E /* Products */ = {
			isa = PBXGroup;
			children = (
				9DDC1FCB2973D92D00014F0E /* JPMCHighSchool.app */,
				9DDC1FDB2973D92F00014F0E /* JPMCHighSchoolTests.xctest */,
				9DDC1FE52973D92F00014F0E /* JPMCHighSchoolUITests.xctest */,
			);
			name = Products;
			sourceTree = "<group>";
		};
		9DDC1FCD2973D92D00014F0E /* JPMCHighSchool */ = {
			isa = PBXGroup;
			children = (
				9DDC20032973F17300014F0E /* Info.plist */,
				9DDC1FCE2973D92D00014F0E /* JPMCHighSchoolApp.swift */,
				9DDC1FD02973D92D00014F0E /* ContentView.swift */,
				9DDC200B2974DF1300014F0E /* Utility */,
				9DDC20062974B01E00014F0E /* View */,
				9DDC1FFE2973DB8D00014F0E /* Service */,
				9DDC1FF92973DB0700014F0E /* ViewModel */,
				9DDC1FF82973DAF700014F0E /* Model */,
				9DDC1FD22973D92F00014F0E /* Assets.xcassets */,
				9DDC1FD42973D92F00014F0E /* Preview Content */,
			);
			path = JPMCHighSchool;
			sourceTree = "<group>";
		};
		9DDC1FD42973D92F00014F0E /* Preview Content */ = {
			isa = PBXGroup;
			children = (
				9DDC1FD52973D92F00014F0E /* Preview Assets.xcassets */,
			);
			path = "Preview Content";
			sourceTree = "<group>";
		};
		9DDC1FDE2973D92F00014F0E /* JPMCHighSchoolTests */ = {
			isa = PBXGroup;
			children = (
				9DDC1FDF2973D92F00014F0E /* JPMCHighSchoolTests.swift */,
			);
			path = JPMCHighSchoolTests;
			sourceTree = "<group>";
		};
		9DDC1FE82973D92F00014F0E /* JPMCHighSchoolUITests */ = {
			isa = PBXGroup;
			children = (
				9DDC1FE92973D92F00014F0E /* JPMCHighSchoolUITests.swift */,
				9DDC1FEB2973D92F00014F0E /* JPMCHighSchoolUITestsLaunchTests.swift */,
			);
			path = JPMCHighSchoolUITests;
			sourceTree = "<group>";
		};
		9DDC1FF82973DAF700014F0E /* Model */ = {
			isa = PBXGroup;
			children = (
				9DDC1FFC2973DB4100014F0E /* HighSchoolModel.swift */,
			);
			path = Model;
			sourceTree = "<group>";
		};
		9DDC1FF92973DB0700014F0E /* ViewModel */ = {
			isa = PBXGroup;
			children = (
				9DDC1FFA2973DB3500014F0E /* HighSchoolViewModel.swift */,
			);
			path = ViewModel;
			sourceTree = "<group>";
		};
		9DDC1FFE2973DB8D00014F0E /* Service */ = {
			isa = PBXGroup;
			children = (
				9DDC1FFF2973DBA600014F0E /* NetworkManager.swift */,
				9DDC20012973DBB500014F0E /* NetworkService.swift */,
			);
			path = Service;
			sourceTree = "<group>";
		};
		9DDC20062974B01E00014F0E /* View */ = {
			isa = PBXGroup;
			children = (
				9DDC20042974B01800014F0E /* SATDetailView.swift */,
				9DDC20092974C5B600014F0E /* ErrorView.swift */,
				9DDC20072974B10800014F0E /* HighSchoolView.swift */,
			);
			path = View;
			sourceTree = "<group>";
		};
		9DDC200B2974DF1300014F0E /* Utility */ = {
			isa = PBXGroup;
			children = (
				9DDC200C2974DF2300014F0E /* Constants.swift */,
			);
			path = Utility;
			sourceTree = "<group>";
		};
/* End PBXGroup section */

/* Begin PBXNativeTarget section */
		9DDC1FCA2973D92D00014F0E /* JPMCHighSchool */ = {
			isa = PBXNativeTarget;
			buildConfigurationList = 9DDC1FEF2973D92F00014F0E /* Build configuration list for PBXNativeTarget "JPMCHighSchool" */;
			buildPhases = (
				9DDC1FC72973D92D00014F0E /* Sources */,
				9DDC1FC82973D92D00014F0E /* Frameworks */,
				9DDC1FC92973D92D00014F0E /* Resources */,
			);
			buildRules = (
			);
			dependencies = (
			);
			name = JPMCHighSchool;
			productName = JPMCHighSchool;
			productReference = 9DDC1FCB2973D92D00014F0E /* JPMCHighSchool.app */;
			productType = "com.apple.product-type.application";
		};
		9DDC1FDA2973D92F00014F0E /* JPMCHighSchoolTests */ = {
			isa = PBXNativeTarget;
			buildConfigurationList = 9DDC1FF22973D92F00014F0E /* Build configuration list for PBXNativeTarget "JPMCHighSchoolTests" */;
			buildPhases = (
				9DDC1FD72973D92F00014F0E /* Sources */,
				9DDC1FD82973D92F00014F0E /* Frameworks */,
				9DDC1FD92973D92F00014F0E /* Resources */,
			);
			buildRules = (
			);
			dependencies = (
				9DDC1FDD2973D92F00014F0E /* PBXTargetDependency */,
			);
			name = JPMCHighSchoolTests;
			productName = JPMCHighSchoolTests;
			productReference = 9DDC1FDB2973D92F00014F0E /* JPMCHighSchoolTests.xctest */;
			productType = "com.apple.product-type.bundle.unit-test";
		};
		9DDC1FE42973D92F00014F0E /* JPMCHighSchoolUITests */ = {
			isa = PBXNativeTarget;
			buildConfigurationList = 9DDC1FF52973D92F00014F0E /* Build configuration list for PBXNativeTarget "JPMCHighSchoolUITests" */;
			buildPhases = (
				9DDC1FE12973D92F00014F0E /* Sources */,
				9DDC1FE22973D92F00014F0E /* Frameworks */,
				9DDC1FE32973D92F00014F0E /* Resources */,
			);
			buildRules = (
			);
			dependencies = (
				9DDC1FE72973D92F00014F0E /* PBXTargetDependency */,
			);
			name = JPMCHighSchoolUITests;
			productName = JPMCHighSchoolUITests;
			productReference = 9DDC1FE52973D92F00014F0E /* JPMCHighSchoolUITests.xctest */;
			productType = "com.apple.product-type.bundle.ui-testing";
		};
/* End PBXNativeTarget section */

/* Begin PBXProject section */
		9DDC1FC32973D92D00014F0E /* Project object */ = {
			isa = PBXProject;
			attributes = {
				BuildIndependentTargetsInParallel = 1;
				LastSwiftUpdateCheck = 1420;
				LastUpgradeCheck = 1420;
				TargetAttributes = {
					9DDC1FCA2973D92D00014F0E = {
						CreatedOnToolsVersion = 14.2;
					};
					9DDC1FDA2973D92F00014F0E = {
						CreatedOnToolsVersion = 14.2;
						TestTargetID = 9DDC1FCA2973D92D00014F0E;
					};
					9DDC1FE42973D92F00014F0E = {
						CreatedOnToolsVersion = 14.2;
						TestTargetID = 9DDC1FCA2973D92D00014F0E;
					};
				};
			};
			buildConfigurationList = 9DDC1FC62973D92D00014F0E /* Build configuration list for PBXProject "JPMCHighSchool" */;
			compatibilityVersion = "Xcode 14.0";
			developmentRegion = en;
			hasScannedForEncodings = 0;
			knownRegions = (
				en,
				Base,
			);
			mainGroup = 9DDC1FC22973D92D00014F0E;
			productRefGroup = 9DDC1FCC2973D92D00014F0E /* Products */;
			projectDirPath = "";
			projectRoot = "";
			targets = (
				9DDC1FCA2973D92D00014F0E /* JPMCHighSchool */,
				9DDC1FDA2973D92F00014F0E /* JPMCHighSchoolTests */,
				9DDC1FE42973D92F00014F0E /* JPMCHighSchoolUITests */,
			);
		};
/* End PBXProject section */

/* Begin PBXResourcesBuildPhase section */
		9DDC1FC92973D92D00014F0E /* Resources */ = {
			isa = PBXResourcesBuildPhase;
			buildActionMask = 2147483647;
			files = (
				9DDC1FD62973D92F00014F0E /* Preview Assets.xcassets in Resources */,
				9DDC1FD32973D92F00014F0E /* Assets.xcassets in Resources */,
			);
			runOnlyForDeploymentPostprocessing = 0;
		};
		9DDC1FD92973D92F00014F0E /* Resources */ = {
			isa = PBXResourcesBuildPhase;
			buildActionMask = 2147483647;
			files = (
			);
			runOnlyForDeploymentPostprocessing = 0;
		};
		9DDC1FE32973D92F00014F0E /* Resources */ = {
			isa = PBXResourcesBuildPhase;
			buildActionMask = 2147483647;
			files = (
			);
			runOnlyForDeploymentPostprocessing = 0;
		};
/* End PBXResourcesBuildPhase section */

/* Begin PBXSourcesBuildPhase section */
		9DDC1FC72973D92D00014F0E /* Sources */ = {
			isa = PBXSourcesBuildPhase;
			buildActionMask = 2147483647;
			files = (
				9DDC1FD12973D92D00014F0E /* ContentView.swift in Sources */,
				9DDC20052974B01800014F0E /* SATDetailView.swift in Sources */,
				9DDC20082974B10800014F0E /* HighSchoolView.swift in Sources */,
				9DDC1FFD2973DB4100014F0E /* HighSchoolModel.swift in Sources */,
				9DDC20002973DBA600014F0E /* NetworkManager.swift in Sources */,
				9DDC200D2974DF2300014F0E /* Constants.swift in Sources */,
				9DDC1FCF2973D92D00014F0E /* JPMCHighSchoolApp.swift in Sources */,
				9DDC20022973DBB500014F0E /* NetworkService.swift in Sources */,
				9DDC200A2974C5B600014F0E /* ErrorView.swift in Sources */,
				9DDC1FFB2973DB3500014F0E /* HighSchoolViewModel.swift in Sources */,
			);
			runOnlyForDeploymentPostprocessing = 0;
		};
		9DDC1FD72973D92F00014F0E /* Sources */ = {
			isa = PBXSourcesBuildPhase;
			buildActionMask = 2147483647;
			files = (
				9DDC1FE02973D92F00014F0E /* JPMCHighSchoolTests.swift in Sources */,
			);
			runOnlyForDeploymentPostprocessing = 0;
		};
		9DDC1FE12973D92F00014F0E /* Sources */ = {
			isa = PBXSourcesBuildPhase;
			buildActionMask = 2147483647;
			files = (
				9DDC1FEC2973D92F00014F0E /* JPMCHighSchoolUITestsLaunchTests.swift in Sources */,
				9DDC1FEA2973D92F00014F0E /* JPMCHighSchoolUITests.swift in Sources */,
			);
			runOnlyForDeploymentPostprocessing = 0;
		};
/* End PBXSourcesBuildPhase section */

/* Begin PBXTargetDependency section */
		9DDC1FDD2973D92F00014F0E /* PBXTargetDependency */ = {
			isa = PBXTargetDependency;
			target = 9DDC1FCA2973D92D00014F0E /* JPMCHighSchool */;
			targetProxy = 9DDC1FDC2973D92F00014F0E /* PBXContainerItemProxy */;
		};
		9DDC1FE72973D92F00014F0E /* PBXTargetDependency */ = {
			isa = PBXTargetDependency;
			target = 9DDC1FCA2973D92D00014F0E /* JPMCHighSchool */;
			targetProxy = 9DDC1FE62973D92F00014F0E /* PBXContainerItemProxy */;
		};
/* End PBXTargetDependency section */

/* Begin XCBuildConfiguration section */
		9DDC1FED2973D92F00014F0E /* Debug */ = {
			isa = XCBuildConfiguration;
			buildSettings = {
				ALWAYS_SEARCH_USER_PATHS = NO;
				CLANG_ANALYZER_NONNULL = YES;
				CLANG_ANALYZER_NUMBER_OBJECT_CONVERSION = YES_AGGRESSIVE;
				CLANG_CXX_LANGUAGE_STANDARD = "gnu++20";
				CLANG_ENABLE_MODULES = YES;
				CLANG_ENABLE_OBJC_ARC = YES;
				CLANG_ENABLE_OBJC_WEAK = YES;
				CLANG_WARN_BLOCK_CAPTURE_AUTORELEASING = YES;
				CLANG_WARN_BOOL_CONVERSION = YES;
				CLANG_WARN_COMMA = YES;
				CLANG_WARN_CONSTANT_CONVERSION = YES;
				CLANG_WARN_DEPRECATED_OBJC_IMPLEMENTATIONS = YES;
				CLANG_WARN_DIRECT_OBJC_ISA_USAGE = YES_ERROR;
				CLANG_WARN_DOCUMENTATION_COMMENTS = YES;
				CLANG_WARN_EMPTY_BODY = YES;
				CLANG_WARN_ENUM_CONVERSION = YES;
				CLANG_WARN_INFINITE_RECURSION = YES;
				CLANG_WARN_INT_CONVERSION = YES;
				CLANG_WARN_NON_LITERAL_NULL_CONVERSION = YES;
				CLANG_WARN_OBJC_IMPLICIT_RETAIN_SELF = YES;
				CLANG_WARN_OBJC_LITERAL_CONVERSION = YES;
				CLANG_WARN_OBJC_ROOT_CLASS = YES_ERROR;
				CLANG_WARN_QUOTED_INCLUDE_IN_FRAMEWORK_HEADER = YES;
				CLANG_WARN_RANGE_LOOP_ANALYSIS = YES;
				CLANG_WARN_STRICT_PROTOTYPES = YES;
				CLANG_WARN_SUSPICIOUS_MOVE = YES;
				CLANG_WARN_UNGUARDED_AVAILABILITY = YES_AGGRESSIVE;
				CLANG_WARN_UNREACHABLE_CODE = YES;
				CLANG_WARN__DUPLICATE_METHOD_MATCH = YES;
				COPY_PHASE_STRIP = NO;
				DEBUG_INFORMATION_FORMAT = dwarf;
				ENABLE_STRICT_OBJC_MSGSEND = YES;
				ENABLE_TESTABILITY = YES;
				GCC_C_LANGUAGE_STANDARD = gnu11;
				GCC_DYNAMIC_NO_PIC = NO;
				GCC_NO_COMMON_BLOCKS = YES;
				GCC_OPTIMIZATION_LEVEL = 0;
				GCC_PREPROCESSOR_DEFINITIONS = (
					"DEBUG=1",
					"$(inherited)",
				);
				GCC_WARN_64_TO_32_BIT_CONVERSION = YES;
				GCC_WARN_ABOUT_RETURN_TYPE = YES_ERROR;
				GCC_WARN_UNDECLARED_SELECTOR = YES;
				GCC_WARN_UNINITIALIZED_AUTOS = YES_AGGRESSIVE;
				GCC_WARN_UNUSED_FUNCTION = YES;
				GCC_WARN_UNUSED_VARIABLE = YES;
				IPHONEOS_DEPLOYMENT_TARGET = 16.2;
				MTL_ENABLE_DEBUG_INFO = INCLUDE_SOURCE;
				MTL_FAST_MATH = YES;
				ONLY_ACTIVE_ARCH = YES;
				SDKROOT = iphoneos;
				SWIFT_ACTIVE_COMPILATION_CONDITIONS = DEBUG;
				SWIFT_OPTIMIZATION_LEVEL = "-Onone";
			};
			name = Debug;
		};
		9DDC1FEE2973D92F00014F0E /* Release */ = {
			isa = XCBuildConfiguration;
			buildSettings = {
				ALWAYS_SEARCH_USER_PATHS = NO;
				CLANG_ANALYZER_NONNULL = YES;
				CLANG_ANALYZER_NUMBER_OBJECT_CONVERSION = YES_AGGRESSIVE;
				CLANG_CXX_LANGUAGE_STANDARD = "gnu++20";
				CLANG_ENABLE_MODULES = YES;
				CLANG_ENABLE_OBJC_ARC = YES;
				CLANG_ENABLE_OBJC_WEAK = YES;
				CLANG_WARN_BLOCK_CAPTURE_AUTORELEASING = YES;
				CLANG_WARN_BOOL_CONVERSION = YES;
				CLANG_WARN_COMMA = YES;
				CLANG_WARN_CONSTANT_CONVERSION = YES;
				CLANG_WARN_DEPRECATED_OBJC_IMPLEMENTATIONS = YES;
				CLANG_WARN_DIRECT_OBJC_ISA_USAGE = YES_ERROR;
				CLANG_WARN_DOCUMENTATION_COMMENTS = YES;
				CLANG_WARN_EMPTY_BODY = YES;
				CLANG_WARN_ENUM_CONVERSION = YES;
				CLANG_WARN_INFINITE_RECURSION = YES;
				CLANG_WARN_INT_CONVERSION = YES;
				CLANG_WARN_NON_LITERAL_NULL_CONVERSION = YES;
				CLANG_WARN_OBJC_IMPLICIT_RETAIN_SELF = YES;
				CLANG_WARN_OBJC_LITERAL_CONVERSION = YES;
				CLANG_WARN_OBJC_ROOT_CLASS = YES_ERROR;
				CLANG_WARN_QUOTED_INCLUDE_IN_FRAMEWORK_HEADER = YES;
				CLANG_WARN_RANGE_LOOP_ANALYSIS = YES;
				CLANG_WARN_STRICT_PROTOTYPES = YES;
				CLANG_WARN_SUSPICIOUS_MOVE = YES;
				CLANG_WARN_UNGUARDED_AVAILABILITY = YES_AGGRESSIVE;
				CLANG_WARN_UNREACHABLE_CODE = YES;
				CLANG_WARN__DUPLICATE_METHOD_MATCH = YES;
				COPY_PHASE_STRIP = NO;
				DEBUG_INFORMATION_FORMAT = "dwarf-with-dsym";
				ENABLE_NS_ASSERTIONS = NO;
				ENABLE_STRICT_OBJC_MSGSEND = YES;
				GCC_C_LANGUAGE_STANDARD = gnu11;
				GCC_NO_COMMON_BLOCKS = YES;
				GCC_WARN_64_TO_32_BIT_CONVERSION = YES;
				GCC_WARN_ABOUT_RETURN_TYPE = YES_ERROR;
				GCC_WARN_UNDECLARED_SELECTOR = YES;
				GCC_WARN_UNINITIALIZED_AUTOS = YES_AGGRESSIVE;
				GCC_WARN_UNUSED_FUNCTION = YES;
				GCC_WARN_UNUSED_VARIABLE = YES;
				IPHONEOS_DEPLOYMENT_TARGET = 16.2;
				MTL_ENABLE_DEBUG_INFO = NO;
				MTL_FAST_MATH = YES;
				SDKROOT = iphoneos;
				SWIFT_COMPILATION_MODE = wholemodule;
				SWIFT_OPTIMIZATION_LEVEL = "-O";
				VALIDATE_PRODUCT = YES;
			};
			name = Release;
		};
		9DDC1FF02973D92F00014F0E /* Debug */ = {
			isa = XCBuildConfiguration;
			buildSettings = {
				ASSETCATALOG_COMPILER_APPICON_NAME = AppIcon;
				ASSETCATALOG_COMPILER_GLOBAL_ACCENT_COLOR_NAME = AccentColor;
				CODE_SIGN_STYLE = Automatic;
				CURRENT_PROJECT_VERSION = 1;
				DEVELOPMENT_ASSET_PATHS = "\"JPMCHighSchool/Preview Content\"";
				DEVELOPMENT_TEAM = G5MKB94D7W;
				ENABLE_PREVIEWS = YES;
				GENERATE_INFOPLIST_FILE = YES;
				INFOPLIST_FILE = JPMCHighSchool/Info.plist;
				INFOPLIST_KEY_UIApplicationSupportsIndirectInputEvents = YES;
				INFOPLIST_KEY_UILaunchScreen_Generation = YES;
				INFOPLIST_KEY_UISupportedInterfaceOrientations_iPad = "UIInterfaceOrientationPortrait UIInterfaceOrientationPortraitUpsideDown UIInterfaceOrientationLandscapeLeft UIInterfaceOrientationLandscapeRight";
				INFOPLIST_KEY_UISupportedInterfaceOrientations_iPhone = "UIInterfaceOrientationPortrait UIInterfaceOrientationLandscapeLeft UIInterfaceOrientationLandscapeRight";
				LD_RUNPATH_SEARCH_PATHS = (
					"$(inherited)",
					"@executable_path/Frameworks",
				);
				MARKETING_VERSION = 1.0;
				PRODUCT_BUNDLE_IDENTIFIER = job.JPMCHighSchool;
				PRODUCT_NAME = "$(TARGET_NAME)";
				SWIFT_EMIT_LOC_STRINGS = YES;
				SWIFT_VERSION = 5.0;
				TARGETED_DEVICE_FAMILY = "1,2";
			};
			name = Debug;
		};
		9DDC1FF12973D92F00014F0E /* Release */ = {
			isa = XCBuildConfiguration;
			buildSettings = {
				ASSETCATALOG_COMPILER_APPICON_NAME = AppIcon;
				ASSETCATALOG_COMPILER_GLOBAL_ACCENT_COLOR_NAME = AccentColor;
				CODE_SIGN_STYLE = Automatic;
				CURRENT_PROJECT_VERSION = 1;
				DEVELOPMENT_ASSET_PATHS = "\"JPMCHighSchool/Preview Content\"";
				DEVELOPMENT_TEAM = G5MKB94D7W;
				ENABLE_PREVIEWS = YES;
				GENERATE_INFOPLIST_FILE = YES;
				INFOPLIST_FILE = JPMCHighSchool/Info.plist;
				INFOPLIST_KEY_UIApplicationSupportsIndirectInputEvents = YES;
				INFOPLIST_KEY_UILaunchScreen_Generation = YES;
				INFOPLIST_KEY_UISupportedInterfaceOrientations_iPad = "UIInterfaceOrientationPortrait UIInterfaceOrientationPortraitUpsideDown UIInterfaceOrientationLandscapeLeft UIInterfaceOrientationLandscapeRight";
				INFOPLIST_KEY_UISupportedInterfaceOrientations_iPhone = "UIInterfaceOrientationPortrait UIInterfaceOrientationLandscapeLeft UIInterfaceOrientationLandscapeRight";
				LD_RUNPATH_SEARCH_PATHS = (
					"$(inherited)",
					"@executable_path/Frameworks",
				);
				MARKETING_VERSION = 1.0;
				PRODUCT_BUNDLE_IDENTIFIER = job.JPMCHighSchool;
				PRODUCT_NAME = "$(TARGET_NAME)";
				SWIFT_EMIT_LOC_STRINGS = YES;
				SWIFT_VERSION = 5.0;
				TARGETED_DEVICE_FAMILY = "1,2";
			};
			name = Release;
		};
		9DDC1FF32973D92F00014F0E /* Debug */ = {
			isa = XCBuildConfiguration;
			buildSettings = {
				ALWAYS_EMBED_SWIFT_STANDARD_LIBRARIES = YES;
				BUNDLE_LOADER = "$(TEST_HOST)";
				CODE_SIGN_STYLE = Automatic;
				CURRENT_PROJECT_VERSION = 1;
				DEVELOPMENT_TEAM = G5MKB94D7W;
				GENERATE_INFOPLIST_FILE = YES;
				IPHONEOS_DEPLOYMENT_TARGET = 16.2;
				MARKETING_VERSION = 1.0;
				PRODUCT_BUNDLE_IDENTIFIER = job.JPMCHighSchoolTests;
				PRODUCT_NAME = "$(TARGET_NAME)";
				SWIFT_EMIT_LOC_STRINGS = NO;
				SWIFT_VERSION = 5.0;
				TARGETED_DEVICE_FAMILY = "1,2";
				TEST_HOST = "$(BUILT_PRODUCTS_DIR)/JPMCHighSchool.app/$(BUNDLE_EXECUTABLE_FOLDER_PATH)/JPMCHighSchool";
			};
			name = Debug;
		};
		9DDC1FF42973D92F00014F0E /* Release */ = {
			isa = XCBuildConfiguration;
			buildSettings = {
				ALWAYS_EMBED_SWIFT_STANDARD_LIBRARIES = YES;
				BUNDLE_LOADER = "$(TEST_HOST)";
				CODE_SIGN_STYLE = Automatic;
				CURRENT_PROJECT_VERSION = 1;
				DEVELOPMENT_TEAM = G5MKB94D7W;
				GENERATE_INFOPLIST_FILE = YES;
				IPHONEOS_DEPLOYMENT_TARGET = 16.2;
				MARKETING_VERSION = 1.0;
				PRODUCT_BUNDLE_IDENTIFIER = job.JPMCHighSchoolTests;
				PRODUCT_NAME = "$(TARGET_NAME)";
				SWIFT_EMIT_LOC_STRINGS = NO;
				SWIFT_VERSION = 5.0;
				TARGETED_DEVICE_FAMILY = "1,2";
				TEST_HOST = "$(BUILT_PRODUCTS_DIR)/JPMCHighSchool.app/$(BUNDLE_EXECUTABLE_FOLDER_PATH)/JPMCHighSchool";
			};
			name = Release;
		};
		9DDC1FF62973D92F00014F0E /* Debug */ = {
			isa = XCBuildConfiguration;
			buildSettings = {
				ALWAYS_EMBED_SWIFT_STANDARD_LIBRARIES = YES;
				CODE_SIGN_STYLE = Automatic;
				CURRENT_PROJECT_VERSION = 1;
				DEVELOPMENT_TEAM = G5MKB94D7W;
				GENERATE_INFOPLIST_FILE = YES;
				MARKETING_VERSION = 1.0;
				PRODUCT_BUNDLE_IDENTIFIER = job.JPMCHighSchoolUITests;
				PRODUCT_NAME = "$(TARGET_NAME)";
				SWIFT_EMIT_LOC_STRINGS = NO;
				SWIFT_VERSION = 5.0;
				TARGETED_DEVICE_FAMILY = "1,2";
				TEST_TARGET_NAME = JPMCHighSchool;
			};
			name = Debug;
		};
		9DDC1FF72973D92F00014F0E /* Release */ = {
			isa = XCBuildConfiguration;
			buildSettings = {
				ALWAYS_EMBED_SWIFT_STANDARD_LIBRARIES = YES;
				CODE_SIGN_STYLE = Automatic;
				CURRENT_PROJECT_VERSION = 1;
				DEVELOPMENT_TEAM = G5MKB94D7W;
				GENERATE_INFOPLIST_FILE = YES;
				MARKETING_VERSION = 1.0;
				PRODUCT_BUNDLE_IDENTIFIER = job.JPMCHighSchoolUITests;
				PRODUCT_NAME = "$(TARGET_NAME)";
				SWIFT_EMIT_LOC_STRINGS = NO;
				SWIFT_VERSION = 5.0;
				TARGETED_DEVICE_FAMILY = "1,2";
				TEST_TARGET_NAME = JPMCHighSchool;
			};
			name = Release;
		};
/* End XCBuildConfiguration section */

/* Begin XCConfigurationList section */
		9DDC1FC62973D92D00014F0E /* Build configuration list for PBXProject "JPMCHighSchool" */ = {
			isa = XCConfigurationList;
			buildConfigurations = (
				9DDC1FED2973D92F00014F0E /* Debug */,
				9DDC1FEE2973D92F00014F0E /* Release */,
			);
			defaultConfigurationIsVisible = 0;
			defaultConfigurationName = Release;
		};
		9DDC1FEF2973D92F00014F0E /* Build configuration list for PBXNativeTarget "JPMCHighSchool" */ = {
			isa = XCConfigurationList;
			buildConfigurations = (
				9DDC1FF02973D92F00014F0E /* Debug */,
				9DDC1FF12973D92F00014F0E /* Release */,
			);
			defaultConfigurationIsVisible = 0;
			defaultConfigurationName = Release;
		};
		9DDC1FF22973D92F00014F0E /* Build configuration list for PBXNativeTarget "JPMCHighSchoolTests" */ = {
			isa = XCConfigurationList;
			buildConfigurations = (
				9DDC1FF32973D92F00014F0E /* Debug */,
				9DDC1FF42973D92F00014F0E /* Release */,
			);
			defaultConfigurationIsVisible = 0;
			defaultConfigurationName = Release;
		};
		9DDC1FF52973D92F00014F0E /* Build configuration list for PBXNativeTarget "JPMCHighSchoolUITests" */ = {
			isa = XCConfigurationList;
			buildConfigurations = (
				9DDC1FF62973D92F00014F0E /* Debug */,
				9DDC1FF72973D92F00014F0E /* Release */,
			);
			defaultConfigurationIsVisible = 0;
			defaultConfigurationName = Release;
		};
/* End XCConfigurationList section */
	};
	rootObject = 9DDC1FC32973D92D00014F0E /* Project object */;
}
